
Microsoft Visual Studio Solution File, Format Version 12.00
# Visual Studio 2013
VisualStudioVersion = 12.0.30324.0
MinimumVisualStudioVersion = 10.0.40219.1
Project("{FAE04EC0-301F-11D3-BF4B-00C04F79EFBC}") = "Employgroup.ExternalDataContract.Timesheet.Transdev", "Employgroup.ExternalDataContract.Timesheet.Transdev\Employgroup.ExternalDataContract.Timesheet.Transdev.csproj", "{831AB557-9390-4ED5-8A0C-C97B7498CACD}"
EndProject
Project("{FAE04EC0-301F-11D3-BF4B-00C04F79EFBC}") = "Employgroup.ExternalDataContract.TimesheetRoster.Transdev", "Employgroup.ExternalDataContract.TimesheetRoster.Transdev\Employgroup.ExternalDataContract.TimesheetRoster.Transdev.csproj", "{C46C2D60-754D-400A-9CF2-F8FEC038D129}"
EndProject
Project("{FAE04EC0-301F-11D3-BF4B-00C04F79EFBC}") = "Employgroup.ExternalDataContract.DummyData", "Employgroup.ExternalDataContract.DummyData\Employgroup.ExternalDataContract.DummyData.csproj", "{3CB98C89-455B-45D6-95B4-738D2921838F}"
EndProject
Project("{FAE04EC0-301F-11D3-BF4B-00C04F79EFBC}") = "Test", "Test\Test.csproj", "{C4DE83F6-B725-4071-81F8-CE8941F573DA}"
EndProject
Project("{FAE04EC0-301F-11D3-BF4B-00C04F79EFBC}") = "Employgroup.Plugins.Framework", "Employgroup.Plugins.Framework\Employgroup.Plugins.Framework.csproj", "{516A8D66-18C9-4A24-AEE7-D52147ED0D1F}"
EndProject
Global
	GlobalSection(SolutionConfigurationPlatforms) = preSolution
		Debug|Any CPU = Debug|Any CPU
		Release|Any CPU = Release|Any CPU
	EndGlobalSection
	GlobalSection(ProjectConfigurationPlatforms) = postSolution
		{831AB557-9390-4ED5-8A0C-C97B7498CACD}.Debug|Any CPU.ActiveCfg = Debug|Any CPU
		{831AB557-9390-4ED5-8A0C-C97B7498CACD}.Debug|Any CPU.Build.0 = Debug|Any CPU
		{831AB557-9390-4ED5-8A0C-C97B7498CACD}.Release|Any CPU.ActiveCfg = Release|Any CPU
		{831AB557-9390-4ED5-8A0C-C97B7498CACD}.Release|Any CPU.Build.0 = Release|Any CPU
		{C46C2D60-754D-400A-9CF2-F8FEC038D129}.Debug|Any CPU.ActiveCfg = Debug|Any CPU
		{C46C2D60-754D-400A-9CF2-F8FEC038D129}.Debug|Any CPU.Build.0 = Debug|Any CPU
		{C46C2D60-754D-400A-9CF2-F8FEC038D129}.Release|Any CPU.ActiveCfg = Release|Any CPU
		{C46C2D60-754D-400A-9CF2-F8FEC038D129}.Release|Any CPU.Build.0 = Release|Any CPU
		{3CB98C89-455B-45D6-95B4-738D2921838F}.Debug|Any CPU.ActiveCfg = Debug|Any CPU
		{3CB98C89-455B-45D6-95B4-738D2921838F}.Debug|Any CPU.Build.0 = Debug|Any CPU
		{3CB98C89-455B-45D6-95B4-738D2921838F}.Release|Any CPU.ActiveCfg = Release|Any CPU
		{3CB98C89-455B-45D6-95B4-738D2921838F}.Release|Any CPU.Build.0 = Release|Any CPU
		{C4DE83F6-B725-4071-81F8-CE8941F573DA}.Debug|Any CPU.ActiveCfg = Debug|Any CPU
		{C4DE83F6-B725-4071-81F8-CE8941F573DA}.Debug|Any CPU.Build.0 = Debug|Any CPU
		{C4DE83F6-B725-4071-81F8-CE8941F573DA}.Release|Any CPU.ActiveCfg = Release|Any CPU
		{C4DE83F6-B725-4071-81F8-CE8941F573DA}.Release|Any CPU.Build.0 = Release|Any CPU
		{516A8D66-18C9-4A24-AEE7-D52147ED0D1F}.Debug|Any CPU.ActiveCfg = Debug|Any CPU
		{516A8D66-18C9-4A24-AEE7-D52147ED0D1F}.Debug|Any CPU.Build.0 = Debug|Any CPU
		{516A8D66-18C9-4A24-AEE7-D52147ED0D1F}.Release|Any CPU.ActiveCfg = Release|Any CPU
		{516A8D66-18C9-4A24-AEE7-D52147ED0D1F}.Release|Any CPU.Build.0 = Release|Any CPU
	EndGlobalSection
	GlobalSection(SolutionProperties) = preSolution
		HideSolutionNode = FALSE
	EndGlobalSection
EndGlobal
